
Microsoft Visual Studio Solution File, Format Version 12.00
# Visual Studio Version 16
VisualStudioVersion = 16.0.32106.194
MinimumVisualStudioVersion = 10.0.40219.1
Project("{FAE04EC0-301F-11D3-BF4B-00C04F79EFBC}") = "BudgetExpense", "BudgetExpense.csproj", "{CD22BC36-2A53-43E8-BB2D-AECD29D54529}"
EndProject
Global
	GlobalSection(SolutionConfigurationPlatforms) = preSolution
		Debug|Any CPU = Debug|Any CPU
		Release|Any CPU = Release|Any CPU
	EndGlobalSection
	GlobalSection(ProjectConfigurationPlatforms) = postSolution
		{CD22BC36-2A53-43E8-BB2D-AECD29D54529}.Debug|Any CPU.ActiveCfg = Debug|Any CPU
		{CD22BC36-2A53-43E8-BB2D-AECD29D54529}.Debug|Any CPU.Build.0 = Debug|Any CPU
		{CD22BC36-2A53-43E8-BB2D-AECD29D54529}.Release|Any CPU.ActiveCfg = Release|Any CPU
		{CD22BC36-2A53-43E8-BB2D-AECD29D54529}.Release|Any CPU.Build.0 = Release|Any CPU
	EndGlobalSection
	GlobalSection(SolutionProperties) = preSolution
		HideSolutionNode = FALSE
	EndGlobalSection
	GlobalSection(ExtensibilityGlobals) = postSolution
		SolutionGuid = {795E48BE-BE5B-45CF-9A8F-BD7A47406776}
	EndGlobalSection
EndGlobal
